{
  "name": "SparkTest",
  "lockfileVersion": 3,
  "requires": true,
  "packages": {
    "": {
      "dependencies": {
        "@sparkjsdev/spark": "github:sparkjsdev/spark#v2.0.0-preview",
        "three": "^0.183.2"
      }
    },
    "node_modules/@sparkjsdev/spark": {
      "version": "0.1.9",
      "resolved": "git+ssh://git@github.com/sparkjsdev/spark.git#21ab718f98189995a2e4b3fb48df70ada541f5f5",
      "license": "MIT",
      "dependencies": {
        "fflate": "^0.8.2"
      }
    },
    "node_modules/fflate": {
      "version": "0.8.2",
      "resolved": "https://registry.npmjs.org/fflate/-/fflate-0.8.2.tgz",
      "integrity": "sha512-cPJU47OaAoCbg0pBvzsgpTPhmhqI5eJjh/JIu8tPj5q+T7iLvW/JAYUqmE7KOB4R1ZyEhzBaIQpQpardBF5z8A==",
      "license": "MIT"
    },
    "node_modules/three": {
      "version": "0.183.2",
      "resolved": "https://registry.npmjs.org/three/-/three-0.183.2.tgz",
      "integrity": "sha512-di3BsL2FEQ1PA7Hcvn4fyJOlxRRgFYBpMTcyOgkwJIaDOdJMebEFPA+t98EvjuljDx4hNulAGwF6KIjtwI5jgQ==",
      "license": "MIT"
    }
  }
}
